# THIS IS AN AUTOGENERATED FILE. DO NOT EDIT THIS FILE DIRECTLY.
# yarn lockfile v1


"react-native-swipe-gestures@https://github.com/glepur/react-native-swipe-gestures.git":
  version "1.0.5"
  resolved "https://github.com/glepur/react-native-swipe-gestures.git#68a3fef9a81bf8fa7065f942edcd01bee4568df2"
